PODS:
  - SDWebImage (3.8.1):
    - SDWebImage/Core (= 3.8.1)
  - SDWebImage/Core (3.8.1)
  - STTwitter (0.2.4)

DEPENDENCIES:
  - SDWebImage
  - STTwitter

SPEC CHECKSUMS:
  SDWebImage: 35f9627a3e44b4f292a8a8ce6a531fa488239b91
  STTwitter: a82de278afbd4191d0a07f4f3ffd8f1fb8404da0

PODFILE CHECKSUM: 8ceced43ae16672b8ef11625d5c18b270979eb2e

COCOAPODS: 1.0.1
